
Microsoft Visual Studio Solution File, Format Version 12.00
# Visual Studio Version 17
VisualStudioVersion = 17.9.34607.119
MinimumVisualStudioVersion = 10.0.40219.1
Project("{8BC9CEB8-8B4A-11D0-8D11-00A0C91BC942}") = "Reshator Laborator 2", "Reshator Laborator 2\Reshator Laborator 2.vcxproj", "{ED7DB1D3-B785-474E-AEF5-20AB5DBD4343}"
EndProject
Global
	GlobalSection(SolutionConfigurationPlatforms) = preSolution
		Debug|x64 = Debug|x64
		Debug|x86 = Debug|x86
		Release|x64 = Release|x64
		Release|x86 = Release|x86
	EndGlobalSection
	GlobalSection(ProjectConfigurationPlatforms) = postSolution
		{ED7DB1D3-B785-474E-AEF5-20AB5DBD4343}.Debug|x64.ActiveCfg = Debug|x64
		{ED7DB1D3-B785-474E-AEF5-20AB5DBD4343}.Debug|x64.Build.0 = Debug|x64
		{ED7DB1D3-B785-474E-AEF5-20AB5DBD4343}.Debug|x86.ActiveCfg = Debug|Win32
		{ED7DB1D3-B785-474E-AEF5-20AB5DBD4343}.Debug|x86.Build.0 = Debug|Win32
		{ED7DB1D3-B785-474E-AEF5-20AB5DBD4343}.Release|x64.ActiveCfg = Release|x64
		{ED7DB1D3-B785-474E-AEF5-20AB5DBD4343}.Release|x64.Build.0 = Release|x64
		{ED7DB1D3-B785-474E-AEF5-20AB5DBD4343}.Release|x86.ActiveCfg = Release|Win32
		{ED7DB1D3-B785-474E-AEF5-20AB5DBD4343}.Release|x86.Build.0 = Release|Win32
	EndGlobalSection
	GlobalSection(SolutionProperties) = preSolution
		HideSolutionNode = FALSE
	EndGlobalSection
	GlobalSection(ExtensibilityGlobals) = postSolution
		SolutionGuid = {8C64E9F4-CC2C-4A91-B932-5BFDF14F527A}
	EndGlobalSection
EndGlobal
